{
  "name": "poc-jsonpathly-descendant-bracket-on-arrays",
  "lockfileVersion": 3,
  "requires": true,
  "packages": {
    "": {
      "name": "poc-jsonpathly-descendant-bracket-on-arrays",
      "dependencies": {
        "jsonpath-rfc9535": "1.3.0",
        "jsonpathly": "3.0.1",
        "jsonpathly_3_0_0": "npm:jsonpathly@3.0.0"
      }
    },
    "node_modules/jsonpath-rfc9535": {
      "version": "1.3.0",
      "resolved": "https://registry.npmjs.org/jsonpath-rfc9535/-/jsonpath-rfc9535-1.3.0.tgz",
      "integrity": "sha512-3jFHya7oZ45aDxIIdx+/zQARahHXxFSMWBkcBUldfXpLS9VCXDJyTKt35kQfEXLqh0K3Ixw/9xFnvcDStaxh7Q==",
      "license": "Apache-2.0",
      "engines": {
        "node": ">=20"
      }
    },
    "node_modules/jsonpathly": {
      "version": "3.0.1",
      "resolved": "https://registry.npmjs.org/jsonpathly/-/jsonpathly-3.0.1.tgz",
      "integrity": "sha512-ONVgIN4lfYfcsTVB3RCg4uCosL4y6Q9+ok8jEobfyTRdcpN6HXzNi3mmsYj3S/pPGFcT1hJFX7HoKlzJr0jNTw==",
      "license": "MIT",
      "engines": {
        "node": ">=18"
      }
    },
    "node_modules/jsonpathly_3_0_0": {
      "name": "jsonpathly",
      "version": "3.0.0",
      "resolved": "https://registry.npmjs.org/jsonpathly/-/jsonpathly-3.0.0.tgz",
      "integrity": "sha512-1MCCdv1BJpniRPyXC8x3ofJJyZ1DpVYZtw4dRJBYNW98q8H21hV55l2bfuOHKuSCBXLXl6fPre9jcBwJxjE+ZA==",
      "license": "MIT",
      "engines": {
        "node": ">=18"
      }
    }
  }
}
